
Microsoft Visual Studio Solution File, Format Version 12.00
# Visual Studio Version 16
VisualStudioVersion = 16.0.30717.126
MinimumVisualStudioVersion = 10.0.40219.1
Project("{FAE04EC0-301F-11D3-BF4B-00C04F79EFBC}") = "ESCP_GiveAbilties", "ESCP_GiveAbilties\ESCP_GiveAbilties.csproj", "{86968976-73C3-4057-A042-8BCC412357C8}"
EndProject
Global
	GlobalSection(SolutionConfigurationPlatforms) = preSolution
		Debug|Any CPU = Debug|Any CPU
		Release|Any CPU = Release|Any CPU
	EndGlobalSection
	GlobalSection(ProjectConfigurationPlatforms) = postSolution
		{86968976-73C3-4057-A042-8BCC412357C8}.Debug|Any CPU.ActiveCfg = Debug|Any CPU
		{86968976-73C3-4057-A042-8BCC412357C8}.Debug|Any CPU.Build.0 = Debug|Any CPU
		{86968976-73C3-4057-A042-8BCC412357C8}.Release|Any CPU.ActiveCfg = Release|Any CPU
		{86968976-73C3-4057-A042-8BCC412357C8}.Release|Any CPU.Build.0 = Release|Any CPU
	EndGlobalSection
	GlobalSection(SolutionProperties) = preSolution
		HideSolutionNode = FALSE
	EndGlobalSection
	GlobalSection(ExtensibilityGlobals) = postSolution
		SolutionGuid = {364CA3CB-62C2-4016-96A8-57F20DB06D10}
	EndGlobalSection
EndGlobal
